
Microsoft Visual Studio Solution File, Format Version 12.00
# Visual Studio 15
VisualStudioVersion = 15.0.26730.16
MinimumVisualStudioVersion = 10.0.40219.1
Project("{FAE04EC0-301F-11D3-BF4B-00C04F79EFBC}") = "Evidence Game", "Evidence Game\Evidence Game.csproj", "{A34E8C05-BF58-47DC-A308-FE563B260300}"
EndProject
Global
	GlobalSection(SolutionConfigurationPlatforms) = preSolution
		Debug|Any CPU = Debug|Any CPU
		Release|Any CPU = Release|Any CPU
	EndGlobalSection
	GlobalSection(ProjectConfigurationPlatforms) = postSolution
		{A34E8C05-BF58-47DC-A308-FE563B260300}.Debug|Any CPU.ActiveCfg = Debug|Any CPU
		{A34E8C05-BF58-47DC-A308-FE563B260300}.Debug|Any CPU.Build.0 = Debug|Any CPU
		{A34E8C05-BF58-47DC-A308-FE563B260300}.Release|Any CPU.ActiveCfg = Release|Any CPU
		{A34E8C05-BF58-47DC-A308-FE563B260300}.Release|Any CPU.Build.0 = Release|Any CPU
	EndGlobalSection
	GlobalSection(SolutionProperties) = preSolution
		HideSolutionNode = FALSE
	EndGlobalSection
	GlobalSection(ExtensibilityGlobals) = postSolution
		SolutionGuid = {548C36A5-8FBA-4D1D-8066-54AA6B8BD5A0}
	EndGlobalSection
EndGlobal
